
Microsoft Visual Studio Solution File, Format Version 12.00
# Visual Studio Version 17
VisualStudioVersion = 17.13.35919.96 d17.13
MinimumVisualStudioVersion = 10.0.40219.1
Project("{FAE04EC0-301F-11D3-BF4B-00C04F79EFBC}") = "HavayoluŞirketiBiletAlmaProgramı", "HavayoluŞirketiBiletAlmaProgramı\HavayoluŞirketiBiletAlmaProgramı.csproj", "{5A8F5C6A-0936-4F56-9EFB-14FF25C5AC1B}"
EndProject
Global
	GlobalSection(SolutionConfigurationPlatforms) = preSolution
		Debug|Any CPU = Debug|Any CPU
		Release|Any CPU = Release|Any CPU
	EndGlobalSection
	GlobalSection(ProjectConfigurationPlatforms) = postSolution
		{5A8F5C6A-0936-4F56-9EFB-14FF25C5AC1B}.Debug|Any CPU.ActiveCfg = Debug|Any CPU
		{5A8F5C6A-0936-4F56-9EFB-14FF25C5AC1B}.Debug|Any CPU.Build.0 = Debug|Any CPU
		{5A8F5C6A-0936-4F56-9EFB-14FF25C5AC1B}.Release|Any CPU.ActiveCfg = Release|Any CPU
		{5A8F5C6A-0936-4F56-9EFB-14FF25C5AC1B}.Release|Any CPU.Build.0 = Release|Any CPU
	EndGlobalSection
	GlobalSection(SolutionProperties) = preSolution
		HideSolutionNode = FALSE
	EndGlobalSection
	GlobalSection(ExtensibilityGlobals) = postSolution
		SolutionGuid = {F0C927F6-D20D-4FEA-B20A-092794139972}
	EndGlobalSection
EndGlobal
